
Microsoft Visual Studio Solution File, Format Version 12.00
# Visual Studio Version 17
VisualStudioVersion = 17.9.34616.47
MinimumVisualStudioVersion = 10.0.40219.1
Project("{FAE04EC0-301F-11D3-BF4B-00C04F79EFBC}") = "APIMinima", "APIMinima\APIMinima.csproj", "{D21452F1-61C7-49F9-85AA-9E4A4D894CF8}"
EndProject
Global
	GlobalSection(SolutionConfigurationPlatforms) = preSolution
		Debug|Any CPU = Debug|Any CPU
		Release|Any CPU = Release|Any CPU
	EndGlobalSection
	GlobalSection(ProjectConfigurationPlatforms) = postSolution
		{D21452F1-61C7-49F9-85AA-9E4A4D894CF8}.Debug|Any CPU.ActiveCfg = Debug|Any CPU
		{D21452F1-61C7-49F9-85AA-9E4A4D894CF8}.Debug|Any CPU.Build.0 = Debug|Any CPU
		{D21452F1-61C7-49F9-85AA-9E4A4D894CF8}.Release|Any CPU.ActiveCfg = Release|Any CPU
		{D21452F1-61C7-49F9-85AA-9E4A4D894CF8}.Release|Any CPU.Build.0 = Release|Any CPU
	EndGlobalSection
	GlobalSection(SolutionProperties) = preSolution
		HideSolutionNode = FALSE
	EndGlobalSection
	GlobalSection(ExtensibilityGlobals) = postSolution
		SolutionGuid = {C1CF29B5-B0BE-4245-B963-7D3BA26D3CA9}
	EndGlobalSection
EndGlobal
